{
    "name": "gh-ci-complement",
    "version": "1.0.0",
    "lockfileVersion": 2,
    "requires": true,
    "packages": {
        "": {
            "name": "gh-ci-complement",
            "version": "1.0.0",
            "license": "ISC",
            "dependencies": {
                "cafe-utility": "^4.2.0"
            }
        },
        "node_modules/cafe-utility": {
            "version": "4.2.0",
            "resolved": "https://registry.npmjs.org/cafe-utility/-/cafe-utility-4.2.0.tgz",
            "integrity": "sha512-STOJX3W/SdCarBSEmpbcd8yw0V4n01cAZDXhBPNWO5EfLALcoJqJ3qCUOQ6oQvgmiOd/RLc49cTsA21H/W/o5Q=="
        }
    },
    "dependencies": {
        "cafe-utility": {
            "version": "4.2.0",
            "resolved": "https://registry.npmjs.org/cafe-utility/-/cafe-utility-4.2.0.tgz",
            "integrity": "sha512-STOJX3W/SdCarBSEmpbcd8yw0V4n01cAZDXhBPNWO5EfLALcoJqJ3qCUOQ6oQvgmiOd/RLc49cTsA21H/W/o5Q=="
        }
    }
}
